// !$*UTF8*$!
{
	archiveVersion = 1;
	classes = {
	};
	objectVersion = 46;
	objects = {

/* Begin PBXBuildFile section */
		7E033A2E1AC18A34006A490F /* JTSHardwareInfo.m in Sources */ = {isa = PBXBuildFile; fileRef = 7E033A2D1AC18A34006A490F /* JTSHardwareInfo.m */; };
/* End PBXBuildFile section */

/* Begin PBXCopyFilesBuildPhase section */
		7E033A0D1AC189A8006A490F /* CopyFiles */ = {
			isa = PBXCopyFilesBuildPhase;
			buildActionMask = 2147483647;
			dstPath = "include/$(PRODUCT_NAME)";
			dstSubfolderSpec = 16;
			files = (
			);
			runOnlyForDeploymentPostprocessing = 0;
		};
/* End PBXCopyFilesBuildPhase section */

/* Begin PBXFileReference section */
		7E033A0F1AC189A8006A490F /* libJTSHardwareInfo-iOS.a */ = {isa = PBXFileReference; explicitFileType = archive.ar; includeInIndex = 0; path = "libJTSHardwareInfo-iOS.a"; sourceTree = BUILT_PRODUCTS_DIR; };
		7E033A291AC189F2006A490F /* LICENSE */ = {isa = PBXFileReference; lastKnownFileType = text; path = LICENSE; sourceTree = "<group>"; };
		7E033A2A1AC189F2006A490F /* README.md */ = {isa = PBXFileReference; lastKnownFileType = net.daringfireball.markdown; path = README.md; sourceTree = "<group>"; };
		7E033A2C1AC18A34006A490F /* JTSHardwareInfo.h */ = {isa = PBXFileReference; fileEncoding = 4; lastKnownFileType = sourcecode.c.h; path = JTSHardwareInfo.h; sourceTree = "<group>"; };
		7E033A2D1AC18A34006A490F /* JTSHardwareInfo.m */ = {isa = PBXFileReference; fileEncoding = 4; lastKnownFileType = sourcecode.c.objc; path = JTSHardwareInfo.m; sourceTree = "<group>"; };
/* End PBXFileReference section */

/* Begin PBXFrameworksBuildPhase section */
		7E033A0C1AC189A8006A490F /* Frameworks */ = {
			isa = PBXFrameworksBuildPhase;
			buildActionMask = 2147483647;
			files = (
			);
			runOnlyForDeploymentPostprocessing = 0;
		};
/* End PBXFrameworksBuildPhase section */

/* Begin PBXGroup section */
		7E033A061AC189A8006A490F = {
			isa = PBXGroup;
			children = (
				7E033A291AC189F2006A490F /* LICENSE */,
				7E033A2A1AC189F2006A490F /* README.md */,
				7E033A2B1AC18A34006A490F /* JTSHardwareInfo */,
				7E033A101AC189A8006A490F /* Products */,
			);
			sourceTree = "<group>";
		};
		7E033A101AC189A8006A490F /* Products */ = {
			isa = PBXGroup;
			children = (
				7E033A0F1AC189A8006A490F /* libJTSHardwareInfo-iOS.a */,
			);
			name = Products;
			sourceTree = "<group>";
		};
		7E033A2B1AC18A34006A490F /* JTSHardwareInfo */ = {
			isa = PBXGroup;
			children = (
				7E033A2C1AC18A34006A490F /* JTSHardwareInfo.h */,
				7E033A2D1AC18A34006A490F /* JTSHardwareInfo.m */,
			);
			path = JTSHardwareInfo;
			sourceTree = "<group>";
		};
/* End PBXGroup section */

/* Begin PBXNativeTarget section */
		7E033A0E1AC189A8006A490F /* JTSHardwareInfo-iOS */ = {
			isa = PBXNativeTarget;
			buildConfigurationList = 7E033A231AC189A8006A490F /* Build configuration list for PBXNativeTarget "JTSHardwareInfo-iOS" */;
			buildPhases = (
				7E033A0B1AC189A8006A490F /* Sources */,
				7E033A0C1AC189A8006A490F /* Frameworks */,
				7E033A0D1AC189A8006A490F /* CopyFiles */,
			);
			buildRules = (
			);
			dependencies = (
			);
			name = "JTSHardwareInfo-iOS";
			productName = "JTSHardwareInfo-iOS";
			productReference = 7E033A0F1AC189A8006A490F /* libJTSHardwareInfo-iOS.a */;
			productType = "com.apple.product-type.library.static";
		};
/* End PBXNativeTarget section */

/* Begin PBXProject section */
		7E033A071AC189A8006A490F /* Project object */ = {
			isa = PBXProject;
			attributes = {
				LastUpgradeCheck = 0620;
				ORGANIZATIONNAME = healthjoy;
				TargetAttributes = {
					7E033A0E1AC189A8006A490F = {
						CreatedOnToolsVersion = 6.2;
					};
				};
			};
			buildConfigurationList = 7E033A0A1AC189A8006A490F /* Build configuration list for PBXProject "JTSHardwareInfo-iOS" */;
			compatibilityVersion = "Xcode 3.2";
			developmentRegion = English;
			hasScannedForEncodings = 0;
			knownRegions = (
				en,
			);
			mainGroup = 7E033A061AC189A8006A490F;
			productRefGroup = 7E033A101AC189A8006A490F /* Products */;
			projectDirPath = "";
			projectRoot = "";
			targets = (
				7E033A0E1AC189A8006A490F /* JTSHardwareInfo-iOS */,
			);
		};
/* End PBXProject section */

/* Begin PBXSourcesBuildPhase section */
		7E033A0B1AC189A8006A490F /* Sources */ = {
			isa = PBXSourcesBuildPhase;
			buildActionMask = 2147483647;
			files = (
				7E033A2E1AC18A34006A490F /* JTSHardwareInfo.m in Sources */,
			);
			runOnlyForDeploymentPostprocessing = 0;
		};
/* End PBXSourcesBuildPhase section */

/* Begin XCBuildConfiguration section */
		7E033A211AC189A8006A490F /* Debug */ = {
			isa = XCBuildConfiguration;
			buildSettings = {
				ALWAYS_SEARCH_USER_PATHS = NO;
				CLANG_CXX_LANGUAGE_STANDARD = "gnu++0x";
				CLANG_CXX_LIBRARY = "libc++";
				CLANG_ENABLE_MODULES = YES;
				CLANG_ENABLE_OBJC_ARC = YES;
				CLANG_WARN_BOOL_CONVERSION = YES;
				CLANG_WARN_CONSTANT_CONVERSION = YES;
				CLANG_WARN_DIRECT_OBJC_ISA_USAGE = YES_ERROR;
				CLANG_WARN_EMPTY_BODY = YES;
				CLANG_WARN_ENUM_CONVERSION = YES;
				CLANG_WARN_INT_CONVERSION = YES;
				CLANG_WARN_OBJC_ROOT_CLASS = YES_ERROR;
				CLANG_WARN_UNREACHABLE_CODE = YES;
				CLANG_WARN__DUPLICATE_METHOD_MATCH = YES;
				COPY_PHASE_STRIP = NO;
				ENABLE_STRICT_OBJC_MSGSEND = YES;
				GCC_C_LANGUAGE_STANDARD = gnu99;
				GCC_DYNAMIC_NO_PIC = NO;
				GCC_OPTIMIZATION_LEVEL = 0;
				GCC_PREPROCESSOR_DEFINITIONS = (
					"DEBUG=1",
					"$(inherited)",
				);
				GCC_SYMBOLS_PRIVATE_EXTERN = NO;
				GCC_WARN_64_TO_32_BIT_CONVERSION = YES;
				GCC_WARN_ABOUT_RETURN_TYPE = YES_ERROR;
				GCC_WARN_UNDECLARED_SELECTOR = YES;
				GCC_WARN_UNINITIALIZED_AUTOS = YES_AGGRESSIVE;
				GCC_WARN_UNUSED_FUNCTION = YES;
				GCC_WARN_UNUSED_VARIABLE = YES;
				IPHONEOS_DEPLOYMENT_TARGET = 8.2;
				MTL_ENABLE_DEBUG_INFO = YES;
				ONLY_ACTIVE_ARCH = YES;
				SDKROOT = iphoneos;
			};
			name = Debug;
		};
		7E033A221AC189A8006A490F /* Release */ = {
			isa = XCBuildConfiguration;
			buildSettings = {
				ALWAYS_SEARCH_USER_PATHS = NO;
				CLANG_CXX_LANGUAGE_STANDARD = "gnu++0x";
				CLANG_CXX_LIBRARY = "libc++";
				CLANG_ENABLE_MODULES = YES;
				CLANG_ENABLE_OBJC_ARC = YES;
				CLANG_WARN_BOOL_CONVERSION = YES;
				CLANG_WARN_CONSTANT_CONVERSION = YES;
				CLANG_WARN_DIRECT_OBJC_ISA_USAGE = YES_ERROR;
				CLANG_WARN_EMPTY_BODY = YES;
				CLANG_WARN_ENUM_CONVERSION = YES;
				CLANG_WARN_INT_CONVERSION = YES;
				CLANG_WARN_OBJC_ROOT_CLASS = YES_ERROR;
				CLANG_WARN_UNREACHABLE_CODE = YES;
				CLANG_WARN__DUPLICATE_METHOD_MATCH = YES;
				COPY_PHASE_STRIP = NO;
				ENABLE_NS_ASSERTIONS = NO;
				ENABLE_STRICT_OBJC_MSGSEND = YES;
				GCC_C_LANGUAGE_STANDARD = gnu99;
				GCC_WARN_64_TO_32_BIT_CONVERSION = YES;
				GCC_WARN_ABOUT_RETURN_TYPE = YES_ERROR;
				GCC_WARN_UNDECLARED_SELECTOR = YES;
				GCC_WARN_UNINITIALIZED_AUTOS = YES_AGGRESSIVE;
				GCC_WARN_UNUSED_FUNCTION = YES;
				GCC_WARN_UNUSED_VARIABLE = YES;
				IPHONEOS_DEPLOYMENT_TARGET = 8.2;
				MTL_ENABLE_DEBUG_INFO = NO;
				SDKROOT = iphoneos;
				VALIDATE_PRODUCT = YES;
			};
			name = Release;
		};
		7E033A241AC189A8006A490F /* Debug */ = {
			isa = XCBuildConfiguration;
			buildSettings = {
				IPHONEOS_DEPLOYMENT_TARGET = 7.0;
				OTHER_LDFLAGS = "-ObjC";
				PRODUCT_NAME = "$(TARGET_NAME)";
				SKIP_INSTALL = YES;
			};
			name = Debug;
		};
		7E033A251AC189A8006A490F /* Release */ = {
			isa = XCBuildConfiguration;
			buildSettings = {
				IPHONEOS_DEPLOYMENT_TARGET = 7.0;
				OTHER_LDFLAGS = "-ObjC";
				PRODUCT_NAME = "$(TARGET_NAME)";
				SKIP_INSTALL = YES;
			};
			name = Release;
		};
/* End XCBuildConfiguration section */

/* Begin XCConfigurationList section */
		7E033A0A1AC189A8006A490F /* Build configuration list for PBXProject "JTSHardwareInfo-iOS" */ = {
			isa = XCConfigurationList;
			buildConfigurations = (
				7E033A211AC189A8006A490F /* Debug */,
				7E033A221AC189A8006A490F /* Release */,
			);
			defaultConfigurationIsVisible = 0;
			defaultConfigurationName = Release;
		};
		7E033A231AC189A8006A490F /* Build configuration list for PBXNativeTarget "JTSHardwareInfo-iOS" */ = {
			isa = XCConfigurationList;
			buildConfigurations = (
				7E033A241AC189A8006A490F /* Debug */,
				7E033A251AC189A8006A490F /* Release */,
			);
			defaultConfigurationIsVisible = 0;
			defaultConfigurationName = Release;
		};
/* End XCConfigurationList section */
	};
	rootObject = 7E033A071AC189A8006A490F /* Project object */;
}
